
Microsoft Visual Studio Solution File, Format Version 12.00
# Visual Studio Version 17
VisualStudioVersion = 17.0.31903.59
MinimumVisualStudioVersion = 10.0.40219.1
Project("{FAE04EC0-301F-11D3-BF4B-00C04F79EFBC}") = "CatalogTOUpdatePreprocessing", "CatalogTOUpdatePreprocessing.csproj", "{6A47E3F5-4302-446A-8154-DA0F29F19570}"
EndProject
Global
	GlobalSection(SolutionConfigurationPlatforms) = preSolution
		Debug|Any CPU = Debug|Any CPU
		Release|Any CPU = Release|Any CPU
	EndGlobalSection
	GlobalSection(ProjectConfigurationPlatforms) = postSolution
		{6A47E3F5-4302-446A-8154-DA0F29F19570}.Debug|Any CPU.ActiveCfg = Debug|Any CPU
		{6A47E3F5-4302-446A-8154-DA0F29F19570}.Debug|Any CPU.Build.0 = Debug|Any CPU
		{6A47E3F5-4302-446A-8154-DA0F29F19570}.Release|Any CPU.ActiveCfg = Release|Any CPU
		{6A47E3F5-4302-446A-8154-DA0F29F19570}.Release|Any CPU.Build.0 = Release|Any CPU
	EndGlobalSection
	GlobalSection(SolutionProperties) = preSolution
		HideSolutionNode = FALSE
	EndGlobalSection
	GlobalSection(ExtensibilityGlobals) = postSolution
		SolutionGuid = {1C23B5E9-80B6-45A4-8A3D-6C104784BF6F}
	EndGlobalSection
EndGlobal
